
Microsoft Visual Studio Solution File, Format Version 12.00
# Visual Studio 15
Project("{FAE04EC0-301F-11D3-BF4B-00C04F79EFBC}") = "FrameCheck", "FrameCheck.csproj", "{89BD005E-DECD-4C85-99E4-DBF2E40A8CEC}"
EndProject
Global
	GlobalSection(SolutionConfigurationPlatforms) = preSolution
		Debug|iPhoneSimulator = Debug|iPhoneSimulator
		Release|iPhoneSimulator = Release|iPhoneSimulator
		Debug|iPhone = Debug|iPhone
		Release|iPhone = Release|iPhone
	EndGlobalSection
	GlobalSection(ProjectConfigurationPlatforms) = postSolution
		{89BD005E-DECD-4C85-99E4-DBF2E40A8CEC}.Debug|iPhoneSimulator.ActiveCfg = Debug|iPhoneSimulator
		{89BD005E-DECD-4C85-99E4-DBF2E40A8CEC}.Debug|iPhoneSimulator.Build.0 = Debug|iPhoneSimulator
		{89BD005E-DECD-4C85-99E4-DBF2E40A8CEC}.Release|iPhoneSimulator.ActiveCfg = Release|iPhoneSimulator
		{89BD005E-DECD-4C85-99E4-DBF2E40A8CEC}.Release|iPhoneSimulator.Build.0 = Release|iPhoneSimulator
		{89BD005E-DECD-4C85-99E4-DBF2E40A8CEC}.Debug|iPhone.ActiveCfg = Debug|iPhone
		{89BD005E-DECD-4C85-99E4-DBF2E40A8CEC}.Debug|iPhone.Build.0 = Debug|iPhone
		{89BD005E-DECD-4C85-99E4-DBF2E40A8CEC}.Release|iPhone.ActiveCfg = Release|iPhone
		{89BD005E-DECD-4C85-99E4-DBF2E40A8CEC}.Release|iPhone.Build.0 = Release|iPhone
	EndGlobalSection
EndGlobal
